
Microsoft Visual Studio Solution File, Format Version 12.00
# Visual Studio Version 16
VisualStudioVersion = 16.0.32126.315
MinimumVisualStudioVersion = 10.0.40219.1
Project("{FAE04EC0-301F-11D3-BF4B-00C04F79EFBC}") = "MegaDeskWebApp", "MegaDeskWebApp\MegaDeskWebApp.csproj", "{E4ED7B1F-3476-4643-8BD1-04EAF77CBE72}"
EndProject
Global
	GlobalSection(SolutionConfigurationPlatforms) = preSolution
		Debug|Any CPU = Debug|Any CPU
		Release|Any CPU = Release|Any CPU
	EndGlobalSection
	GlobalSection(ProjectConfigurationPlatforms) = postSolution
		{E4ED7B1F-3476-4643-8BD1-04EAF77CBE72}.Debug|Any CPU.ActiveCfg = Debug|Any CPU
		{E4ED7B1F-3476-4643-8BD1-04EAF77CBE72}.Debug|Any CPU.Build.0 = Debug|Any CPU
		{E4ED7B1F-3476-4643-8BD1-04EAF77CBE72}.Release|Any CPU.ActiveCfg = Release|Any CPU
		{E4ED7B1F-3476-4643-8BD1-04EAF77CBE72}.Release|Any CPU.Build.0 = Release|Any CPU
	EndGlobalSection
	GlobalSection(SolutionProperties) = preSolution
		HideSolutionNode = FALSE
	EndGlobalSection
	GlobalSection(ExtensibilityGlobals) = postSolution
		SolutionGuid = {61D6BDE3-7904-456D-984B-72C2FBF1E5D3}
	EndGlobalSection
EndGlobal
